PODS:
  - ActiveLabel (1.1.0)
  - Alamofire (5.4.1)
  - DropDown (2.3.13)
  - RSLoadingView (1.1.3)
  - SkeletonView (1.13.0)
  - SwiftyJSON (5.0.0)
  - Toast-Swift (5.0.1)

DEPENDENCIES:
  - ActiveLabel
  - Alamofire
  - DropDown
  - RSLoadingView
  - SkeletonView
  - SwiftyJSON
  - Toast-Swift

SPEC REPOS:
  trunk:
    - ActiveLabel
    - Alamofire
    - DropDown
    - RSLoadingView
    - SkeletonView
    - SwiftyJSON
    - Toast-Swift

SPEC CHECKSUMS:
  ActiveLabel: 5e3f4de79a1952d4604b845a0610d4776e4b82b3
  Alamofire: 2291f7d21ca607c491dd17642e5d40fdcda0e65c
  DropDown: 8a2116376c1981888557f72ec2ffc9a5e0e456ec
  RSLoadingView: c7749afdd455229643e8f34277d0695973a15b1a
  SkeletonView: 2b14cb767a7da384d17d5d7e1db0d55a6cf9566a
  SwiftyJSON: 36413e04c44ee145039d332b4f4e2d3e8d6c4db7
  Toast-Swift: 9b6a70f28b3bf0b96c40d46c0c4b9d6639846711

PODFILE CHECKSUM: 0abdd69e9a9a40540769b5d17f1f1440f10deebe

COCOAPODS: 1.10.1
